{
  "name": "unblu-js-api",
  "lockfileVersion": 3,
  "requires": true,
  "packages": {
    "": {
      "dependencies": {
        "@unblu/floating-js-api": "^8.6.0"
      }
    },
    "node_modules/@unblu/floating-js-api": {
      "version": "8.6.0",
      "resolved": "https://registry.npmjs.org/@unblu/floating-js-api/-/floating-js-api-8.6.0.tgz",
      "integrity": "sha512-eVnBB69KD9hiTfLxy8x+2JMIl9aiarG5tV/L6zCSrREPPyVmtKKg2Xwmi2we1oC2khdZUo9ju6aI0n4GVc5keg=="
    }
  }
}
